
Microsoft Visual Studio Solution File, Format Version 12.00
# Visual Studio Version 17
VisualStudioVersion = 17.7.34009.444
MinimumVisualStudioVersion = 10.0.40219.1
Project("{FAE04EC0-301F-11D3-BF4B-00C04F79EFBC}") = "Illusion", "Illusion.csproj", "{4F28D565-EE0E-4313-9466-09263AB41409}"
EndProject
Global
	GlobalSection(SolutionConfigurationPlatforms) = preSolution
		Debug|Any CPU = Debug|Any CPU
		Release|Any CPU = Release|Any CPU
	EndGlobalSection
	GlobalSection(ProjectConfigurationPlatforms) = postSolution
		{4F28D565-EE0E-4313-9466-09263AB41409}.Debug|Any CPU.ActiveCfg = Debug|Any CPU
		{4F28D565-EE0E-4313-9466-09263AB41409}.Debug|Any CPU.Build.0 = Debug|Any CPU
		{4F28D565-EE0E-4313-9466-09263AB41409}.Release|Any CPU.ActiveCfg = Release|Any CPU
		{4F28D565-EE0E-4313-9466-09263AB41409}.Release|Any CPU.Build.0 = Release|Any CPU
	EndGlobalSection
	GlobalSection(SolutionProperties) = preSolution
		HideSolutionNode = FALSE
	EndGlobalSection
	GlobalSection(ExtensibilityGlobals) = postSolution
		SolutionGuid = {25344C7A-AEA2-4618-9E04-120495F38553}
	EndGlobalSection
EndGlobal
